
Microsoft Visual Studio Solution File, Format Version 12.00
# Visual Studio 2013
VisualStudioVersion = 12.0.30501.0
MinimumVisualStudioVersion = 10.0.40219.1
Project("{8BC9CEB8-8B4A-11D0-8D11-00A0C91BC942}") = "19 Advanced C++ - Maintain is-a Relation for Public Inheritance", "19 Advanced C++ - Maintain is-a Relation for Public Inheritance.vcxproj", "{EC531C9C-1B6F-4C88-BFBA-F48931EAB693}"
EndProject
Global
	GlobalSection(SolutionConfigurationPlatforms) = preSolution
		Debug|Win32 = Debug|Win32
		Release|Win32 = Release|Win32
	EndGlobalSection
	GlobalSection(ProjectConfigurationPlatforms) = postSolution
		{EC531C9C-1B6F-4C88-BFBA-F48931EAB693}.Debug|Win32.ActiveCfg = Debug|Win32
		{EC531C9C-1B6F-4C88-BFBA-F48931EAB693}.Debug|Win32.Build.0 = Debug|Win32
		{EC531C9C-1B6F-4C88-BFBA-F48931EAB693}.Release|Win32.ActiveCfg = Release|Win32
		{EC531C9C-1B6F-4C88-BFBA-F48931EAB693}.Release|Win32.Build.0 = Release|Win32
	EndGlobalSection
	GlobalSection(SolutionProperties) = preSolution
		HideSolutionNode = FALSE
	EndGlobalSection
EndGlobal
