
Microsoft Visual Studio Solution File, Format Version 12.00
# Visual Studio 2013
VisualStudioVersion = 12.0.21005.1
MinimumVisualStudioVersion = 10.0.40219.1
Project("{8BC9CEB8-8B4A-11D0-8D11-00A0C91BC942}") = "Up-DownCasting", "Up-DownCasting\Up-DownCasting.vcxproj", "{72B01182-A0FA-4B31-9980-2ACAB91B0DD2}"
EndProject
Global
	GlobalSection(SolutionConfigurationPlatforms) = preSolution
		Debug|Win32 = Debug|Win32
		Release|Win32 = Release|Win32
	EndGlobalSection
	GlobalSection(ProjectConfigurationPlatforms) = postSolution
		{72B01182-A0FA-4B31-9980-2ACAB91B0DD2}.Debug|Win32.ActiveCfg = Debug|Win32
		{72B01182-A0FA-4B31-9980-2ACAB91B0DD2}.Debug|Win32.Build.0 = Debug|Win32
		{72B01182-A0FA-4B31-9980-2ACAB91B0DD2}.Release|Win32.ActiveCfg = Release|Win32
		{72B01182-A0FA-4B31-9980-2ACAB91B0DD2}.Release|Win32.Build.0 = Release|Win32
	EndGlobalSection
	GlobalSection(SolutionProperties) = preSolution
		HideSolutionNode = FALSE
	EndGlobalSection
EndGlobal
