
Microsoft Visual Studio Solution File, Format Version 12.00
# Visual Studio 2013
VisualStudioVersion = 12.0.30501.0
MinimumVisualStudioVersion = 10.0.40219.1
Project("{8BC9CEB8-8B4A-11D0-8D11-00A0C91BC942}") = "C plus plus Threading 4 - Deadlock - YouTube", "C plus plus Threading 4 - Deadlock - YouTube.vcxproj", "{A8EEEE4C-BD3B-4006-AA2C-2FEF5C287F0F}"
EndProject
Global
	GlobalSection(SolutionConfigurationPlatforms) = preSolution
		Debug|Win32 = Debug|Win32
		Release|Win32 = Release|Win32
	EndGlobalSection
	GlobalSection(ProjectConfigurationPlatforms) = postSolution
		{A8EEEE4C-BD3B-4006-AA2C-2FEF5C287F0F}.Debug|Win32.ActiveCfg = Debug|Win32
		{A8EEEE4C-BD3B-4006-AA2C-2FEF5C287F0F}.Debug|Win32.Build.0 = Debug|Win32
		{A8EEEE4C-BD3B-4006-AA2C-2FEF5C287F0F}.Release|Win32.ActiveCfg = Release|Win32
		{A8EEEE4C-BD3B-4006-AA2C-2FEF5C287F0F}.Release|Win32.Build.0 = Release|Win32
	EndGlobalSection
	GlobalSection(SolutionProperties) = preSolution
		HideSolutionNode = FALSE
	EndGlobalSection
EndGlobal
