
Microsoft Visual Studio Solution File, Format Version 12.00
# Visual Studio 2013
VisualStudioVersion = 12.0.21005.1
MinimumVisualStudioVersion = 10.0.40219.1
Project("{8BC9CEB8-8B4A-11D0-8D11-00A0C91BC942}") = "08 Concurrency", "08 Concurrency\08 Concurrency.vcxproj", "{C6E94A5C-DCD3-4513-874D-4129E6B2D98B}"
EndProject
Global
	GlobalSection(SolutionConfigurationPlatforms) = preSolution
		Debug|Win32 = Debug|Win32
		Release|Win32 = Release|Win32
	EndGlobalSection
	GlobalSection(ProjectConfigurationPlatforms) = postSolution
		{C6E94A5C-DCD3-4513-874D-4129E6B2D98B}.Debug|Win32.ActiveCfg = Debug|Win32
		{C6E94A5C-DCD3-4513-874D-4129E6B2D98B}.Debug|Win32.Build.0 = Debug|Win32
		{C6E94A5C-DCD3-4513-874D-4129E6B2D98B}.Release|Win32.ActiveCfg = Release|Win32
		{C6E94A5C-DCD3-4513-874D-4129E6B2D98B}.Release|Win32.Build.0 = Release|Win32
	EndGlobalSection
	GlobalSection(SolutionProperties) = preSolution
		HideSolutionNode = FALSE
	EndGlobalSection
EndGlobal
