
Microsoft Visual Studio Solution File, Format Version 12.00
# Visual Studio 2013
VisualStudioVersion = 12.0.21005.1
MinimumVisualStudioVersion = 10.0.40219.1
Project("{8BC9CEB8-8B4A-11D0-8D11-00A0C91BC942}") = "06 Exception Handling", "06 Exception Handling.vcxproj", "{732B7BC7-3AE4-4267-AFB9-6E2AD0F5190C}"
EndProject
Global
	GlobalSection(SolutionConfigurationPlatforms) = preSolution
		Debug|Win32 = Debug|Win32
		Release|Win32 = Release|Win32
	EndGlobalSection
	GlobalSection(ProjectConfigurationPlatforms) = postSolution
		{732B7BC7-3AE4-4267-AFB9-6E2AD0F5190C}.Debug|Win32.ActiveCfg = Debug|Win32
		{732B7BC7-3AE4-4267-AFB9-6E2AD0F5190C}.Debug|Win32.Build.0 = Debug|Win32
		{732B7BC7-3AE4-4267-AFB9-6E2AD0F5190C}.Release|Win32.ActiveCfg = Release|Win32
		{732B7BC7-3AE4-4267-AFB9-6E2AD0F5190C}.Release|Win32.Build.0 = Release|Win32
	EndGlobalSection
	GlobalSection(SolutionProperties) = preSolution
		HideSolutionNode = FALSE
	EndGlobalSection
EndGlobal
