
Microsoft Visual Studio Solution File, Format Version 12.00
# Visual Studio 2013
VisualStudioVersion = 12.0.30501.0
MinimumVisualStudioVersion = 10.0.40219.1
Project("{8BC9CEB8-8B4A-11D0-8D11-00A0C91BC942}") = "26 Advanced C++ - Koenig Lookup - Argument Dependent Lookup (ADL)", "26 Advanced C++ - Koenig Lookup - Argument Dependent Lookup (ADL).vcxproj", "{0049D6E9-5D69-4187-B2C0-4AABCE16E376}"
EndProject
Global
	GlobalSection(SolutionConfigurationPlatforms) = preSolution
		Debug|Win32 = Debug|Win32
		Release|Win32 = Release|Win32
	EndGlobalSection
	GlobalSection(ProjectConfigurationPlatforms) = postSolution
		{0049D6E9-5D69-4187-B2C0-4AABCE16E376}.Debug|Win32.ActiveCfg = Debug|Win32
		{0049D6E9-5D69-4187-B2C0-4AABCE16E376}.Debug|Win32.Build.0 = Debug|Win32
		{0049D6E9-5D69-4187-B2C0-4AABCE16E376}.Release|Win32.ActiveCfg = Release|Win32
		{0049D6E9-5D69-4187-B2C0-4AABCE16E376}.Release|Win32.Build.0 = Release|Win32
	EndGlobalSection
	GlobalSection(SolutionProperties) = preSolution
		HideSolutionNode = FALSE
	EndGlobalSection
EndGlobal
