
Microsoft Visual Studio Solution File, Format Version 12.00
# Visual Studio 2013
VisualStudioVersion = 12.0.30501.0
MinimumVisualStudioVersion = 10.0.40219.1
Project("{8BC9CEB8-8B4A-11D0-8D11-00A0C91BC942}") = "08 Learn STL - Object Slicing", "08 Learn STL - Object Slicing.vcxproj", "{ABA745EC-6517-47AC-B756-70D32D4F9BCB}"
EndProject
Global
	GlobalSection(SolutionConfigurationPlatforms) = preSolution
		Debug|Win32 = Debug|Win32
		Release|Win32 = Release|Win32
	EndGlobalSection
	GlobalSection(ProjectConfigurationPlatforms) = postSolution
		{ABA745EC-6517-47AC-B756-70D32D4F9BCB}.Debug|Win32.ActiveCfg = Debug|Win32
		{ABA745EC-6517-47AC-B756-70D32D4F9BCB}.Debug|Win32.Build.0 = Debug|Win32
		{ABA745EC-6517-47AC-B756-70D32D4F9BCB}.Release|Win32.ActiveCfg = Release|Win32
		{ABA745EC-6517-47AC-B756-70D32D4F9BCB}.Release|Win32.Build.0 = Release|Win32
	EndGlobalSection
	GlobalSection(SolutionProperties) = preSolution
		HideSolutionNode = FALSE
	EndGlobalSection
EndGlobal
